PODS:
  - Alamofire (4.7.0)
  - Heap (5.0.5)

DEPENDENCIES:
  - Alamofire
  - Heap

SPEC REPOS:
  https://github.com/CocoaPods/Specs.git:
    - Alamofire
    - Heap

SPEC CHECKSUMS:
  Alamofire: 907e0a98eb68cdb7f9d1f541a563d6ac5dc77b25
  Heap: b3f8b283446c58bc780cb42a1f4e36cf05ee1405

PODFILE CHECKSUM: b6000ff2745d43eeaee4c1070ec051e910a562ee

COCOAPODS: 1.5.0
