// !$*UTF8*$!
{
	archiveVersion = 1;
	classes = {
	};
	objectVersion = 48;
	objects = {

/* Begin PBXBuildFile section */
		3BCE8F12A8D57B9F3DCAB184 /* Pods_TypeAheadSearch.framework in Frameworks */ = {isa = PBXBuildFile; fileRef = FE035EDF37D661F5F765F74A /* Pods_TypeAheadSearch.framework */; };
		A5223C2F20905D3100910A91 /* SearchResultsViewController.swift in Sources */ = {isa = PBXBuildFile; fileRef = A5223C2E20905D3100910A91 /* SearchResultsViewController.swift */; };
		A5438E52207E5E24004C01DA /* AppDelegate.swift in Sources */ = {isa = PBXBuildFile; fileRef = A5438E51207E5E24004C01DA /* AppDelegate.swift */; };
		A5438E54207E5E24004C01DA /* ViewController.swift in Sources */ = {isa = PBXBuildFile; fileRef = A5438E53207E5E24004C01DA /* ViewController.swift */; };
		A5438E59207E5E24004C01DA /* Assets.xcassets in Resources */ = {isa = PBXBuildFile; fileRef = A5438E58207E5E24004C01DA /* Assets.xcassets */; };
		A5438E5C207E5E24004C01DA /* LaunchScreen.storyboard in Resources */ = {isa = PBXBuildFile; fileRef = A5438E5A207E5E24004C01DA /* LaunchScreen.storyboard */; };
		A5438E64207E625D004C01DA /* SearchRowCell.swift in Sources */ = {isa = PBXBuildFile; fileRef = A5438E63207E625D004C01DA /* SearchRowCell.swift */; };
		A5438E66207E627B004C01DA /* SearchRowCell.xib in Resources */ = {isa = PBXBuildFile; fileRef = A5438E65207E627B004C01DA /* SearchRowCell.xib */; };
		A5F4577720907BD100E3A45A /* SearchResultsView.xib in Resources */ = {isa = PBXBuildFile; fileRef = A5F4577620907BD100E3A45A /* SearchResultsView.xib */; };
		A5F4577920909B0400E3A45A /* View.xib in Resources */ = {isa = PBXBuildFile; fileRef = A5F4577820909B0400E3A45A /* View.xib */; };
		A5F457D12092EB2C00E3A45A /* TypeAheadSearchUITests.swift in Sources */ = {isa = PBXBuildFile; fileRef = A5F457D02092EB2C00E3A45A /* TypeAheadSearchUITests.swift */; };
/* End PBXBuildFile section */

/* Begin PBXContainerItemProxy section */
		A5F457D32092EB2C00E3A45A /* PBXContainerItemProxy */ = {
			isa = PBXContainerItemProxy;
			containerPortal = A5438E46207E5E24004C01DA /* Project object */;
			proxyType = 1;
			remoteGlobalIDString = A5438E4D207E5E24004C01DA;
			remoteInfo = TypeAheadSearch;
		};
/* End PBXContainerItemProxy section */

/* Begin PBXCopyFilesBuildPhase section */
		A5F17B192088B5F300B9069D /* Embed Frameworks */ = {
			isa = PBXCopyFilesBuildPhase;
			buildActionMask = 2147483647;
			dstPath = "";
			dstSubfolderSpec = 10;
			files = (
			);
			name = "Embed Frameworks";
			runOnlyForDeploymentPostprocessing = 0;
		};
/* End PBXCopyFilesBuildPhase section */

/* Begin PBXFileReference section */
		5A16F51F714EBC0199FBF2B5 /* Pods-TypeAheadSearch.debug.xcconfig */ = {isa = PBXFileReference; includeInIndex = 1; lastKnownFileType = text.xcconfig; name = "Pods-TypeAheadSearch.debug.xcconfig"; path = "Pods/Target Support Files/Pods-TypeAheadSearch/Pods-TypeAheadSearch.debug.xcconfig"; sourceTree = "<group>"; };
		A5223C2E20905D3100910A91 /* SearchResultsViewController.swift */ = {isa = PBXFileReference; lastKnownFileType = sourcecode.swift; path = SearchResultsViewController.swift; sourceTree = "<group>"; };
		A524FF182088BE6100207463 /* TypeAheadSearch-Bridging-Header.h */ = {isa = PBXFileReference; lastKnownFileType = sourcecode.c.h; path = "TypeAheadSearch-Bridging-Header.h"; sourceTree = "<group>"; };
		A5438E4E207E5E24004C01DA /* TypeAheadSearch.app */ = {isa = PBXFileReference; explicitFileType = wrapper.application; includeInIndex = 0; path = TypeAheadSearch.app; sourceTree = BUILT_PRODUCTS_DIR; };
		A5438E51207E5E24004C01DA /* AppDelegate.swift */ = {isa = PBXFileReference; lastKnownFileType = sourcecode.swift; path = AppDelegate.swift; sourceTree = "<group>"; };
		A5438E53207E5E24004C01DA /* ViewController.swift */ = {isa = PBXFileReference; lastKnownFileType = sourcecode.swift; path = ViewController.swift; sourceTree = "<group>"; };
		A5438E58207E5E24004C01DA /* Assets.xcassets */ = {isa = PBXFileReference; lastKnownFileType = folder.assetcatalog; path = Assets.xcassets; sourceTree = "<group>"; };
		A5438E5B207E5E24004C01DA /* Base */ = {isa = PBXFileReference; lastKnownFileType = file.storyboard; name = Base; path = Base.lproj/LaunchScreen.storyboard; sourceTree = "<group>"; };
		A5438E5D207E5E24004C01DA /* Info.plist */ = {isa = PBXFileReference; lastKnownFileType = text.plist.xml; path = Info.plist; sourceTree = "<group>"; };
		A5438E63207E625D004C01DA /* SearchRowCell.swift */ = {isa = PBXFileReference; lastKnownFileType = sourcecode.swift; path = SearchRowCell.swift; sourceTree = "<group>"; };
		A5438E65207E627B004C01DA /* SearchRowCell.xib */ = {isa = PBXFileReference; lastKnownFileType = file.xib; path = SearchRowCell.xib; sourceTree = "<group>"; };
		A5F4577620907BD100E3A45A /* SearchResultsView.xib */ = {isa = PBXFileReference; lastKnownFileType = file.xib; path = SearchResultsView.xib; sourceTree = "<group>"; };
		A5F4577820909B0400E3A45A /* View.xib */ = {isa = PBXFileReference; lastKnownFileType = file.xib; path = View.xib; sourceTree = "<group>"; };
		A5F457CE2092EB2C00E3A45A /* TypeAheadSearchUITests.xctest */ = {isa = PBXFileReference; explicitFileType = wrapper.cfbundle; includeInIndex = 0; path = TypeAheadSearchUITests.xctest; sourceTree = BUILT_PRODUCTS_DIR; };
		A5F457D02092EB2C00E3A45A /* TypeAheadSearchUITests.swift */ = {isa = PBXFileReference; lastKnownFileType = sourcecode.swift; path = TypeAheadSearchUITests.swift; sourceTree = "<group>"; };
		A5F457D22092EB2C00E3A45A /* Info.plist */ = {isa = PBXFileReference; lastKnownFileType = text.plist.xml; path = Info.plist; sourceTree = "<group>"; };
		FA9D982486B176E8410ABED6 /* Pods-TypeAheadSearch.release.xcconfig */ = {isa = PBXFileReference; includeInIndex = 1; lastKnownFileType = text.xcconfig; name = "Pods-TypeAheadSearch.release.xcconfig"; path = "Pods/Target Support Files/Pods-TypeAheadSearch/Pods-TypeAheadSearch.release.xcconfig"; sourceTree = "<group>"; };
		FE035EDF37D661F5F765F74A /* Pods_TypeAheadSearch.framework */ = {isa = PBXFileReference; explicitFileType = wrapper.framework; includeInIndex = 0; path = Pods_TypeAheadSearch.framework; sourceTree = BUILT_PRODUCTS_DIR; };
/* End PBXFileReference section */

/* Begin PBXFrameworksBuildPhase section */
		A5438E4B207E5E24004C01DA /* Frameworks */ = {
			isa = PBXFrameworksBuildPhase;
			buildActionMask = 2147483647;
			files = (
				3BCE8F12A8D57B9F3DCAB184 /* Pods_TypeAheadSearch.framework in Frameworks */,
			);
			runOnlyForDeploymentPostprocessing = 0;
		};
		A5F457CB2092EB2C00E3A45A /* Frameworks */ = {
			isa = PBXFrameworksBuildPhase;
			buildActionMask = 2147483647;
			files = (
			);
			runOnlyForDeploymentPostprocessing = 0;
		};
/* End PBXFrameworksBuildPhase section */

/* Begin PBXGroup section */
		51575A1CE403AF72C298150D /* Pods */ = {
			isa = PBXGroup;
			children = (
				5A16F51F714EBC0199FBF2B5 /* Pods-TypeAheadSearch.debug.xcconfig */,
				FA9D982486B176E8410ABED6 /* Pods-TypeAheadSearch.release.xcconfig */,
			);
			name = Pods;
			sourceTree = "<group>";
		};
		76F24A6FA0C721107E4B5BEC /* Frameworks */ = {
			isa = PBXGroup;
			children = (
				FE035EDF37D661F5F765F74A /* Pods_TypeAheadSearch.framework */,
			);
			name = Frameworks;
			sourceTree = "<group>";
		};
		A5438E45207E5E24004C01DA = {
			isa = PBXGroup;
			children = (
				A5438E50207E5E24004C01DA /* TypeAheadSearch */,
				A5F457CF2092EB2C00E3A45A /* TypeAheadSearchUITests */,
				A5438E4F207E5E24004C01DA /* Products */,
				51575A1CE403AF72C298150D /* Pods */,
				76F24A6FA0C721107E4B5BEC /* Frameworks */,
				A524FF182088BE6100207463 /* TypeAheadSearch-Bridging-Header.h */,
			);
			sourceTree = "<group>";
		};
		A5438E4F207E5E24004C01DA /* Products */ = {
			isa = PBXGroup;
			children = (
				A5438E4E207E5E24004C01DA /* TypeAheadSearch.app */,
				A5F457CE2092EB2C00E3A45A /* TypeAheadSearchUITests.xctest */,
			);
			name = Products;
			sourceTree = "<group>";
		};
		A5438E50207E5E24004C01DA /* TypeAheadSearch */ = {
			isa = PBXGroup;
			children = (
				A5438E51207E5E24004C01DA /* AppDelegate.swift */,
				A5438E53207E5E24004C01DA /* ViewController.swift */,
				A5F4577820909B0400E3A45A /* View.xib */,
				A5438E63207E625D004C01DA /* SearchRowCell.swift */,
				A5438E65207E627B004C01DA /* SearchRowCell.xib */,
				A5438E58207E5E24004C01DA /* Assets.xcassets */,
				A5438E5A207E5E24004C01DA /* LaunchScreen.storyboard */,
				A5438E5D207E5E24004C01DA /* Info.plist */,
				A5223C2E20905D3100910A91 /* SearchResultsViewController.swift */,
				A5F4577620907BD100E3A45A /* SearchResultsView.xib */,
			);
			path = TypeAheadSearch;
			sourceTree = "<group>";
		};
		A5F457CF2092EB2C00E3A45A /* TypeAheadSearchUITests */ = {
			isa = PBXGroup;
			children = (
				A5F457D02092EB2C00E3A45A /* TypeAheadSearchUITests.swift */,
				A5F457D22092EB2C00E3A45A /* Info.plist */,
			);
			path = TypeAheadSearchUITests;
			sourceTree = "<group>";
		};
/* End PBXGroup section */

/* Begin PBXNativeTarget section */
		A5438E4D207E5E24004C01DA /* TypeAheadSearch */ = {
			isa = PBXNativeTarget;
			buildConfigurationList = A5438E60207E5E24004C01DA /* Build configuration list for PBXNativeTarget "TypeAheadSearch" */;
			buildPhases = (
				CA3743F984503FE0BA2D49F1 /* [CP] Check Pods Manifest.lock */,
				A5F4577E2091CEFD00E3A45A /* Set version */,
				A5438E4A207E5E24004C01DA /* Sources */,
				A5438E4B207E5E24004C01DA /* Frameworks */,
				A5438E4C207E5E24004C01DA /* Resources */,
				9974F58EDD5D15B8C572252B /* [CP] Embed Pods Frameworks */,
				A5F17B192088B5F300B9069D /* Embed Frameworks */,
			);
			buildRules = (
			);
			dependencies = (
			);
			name = TypeAheadSearch;
			productName = TypeAheadSearch;
			productReference = A5438E4E207E5E24004C01DA /* TypeAheadSearch.app */;
			productType = "com.apple.product-type.application";
		};
		A5F457CD2092EB2C00E3A45A /* TypeAheadSearchUITests */ = {
			isa = PBXNativeTarget;
			buildConfigurationList = A5F457D52092EB2C00E3A45A /* Build configuration list for PBXNativeTarget "TypeAheadSearchUITests" */;
			buildPhases = (
				A5F457CA2092EB2C00E3A45A /* Sources */,
				A5F457CB2092EB2C00E3A45A /* Frameworks */,
				A5F457CC2092EB2C00E3A45A /* Resources */,
			);
			buildRules = (
			);
			dependencies = (
				A5F457D42092EB2C00E3A45A /* PBXTargetDependency */,
			);
			name = TypeAheadSearchUITests;
			productName = TypeAheadSearchUITests;
			productReference = A5F457CE2092EB2C00E3A45A /* TypeAheadSearchUITests.xctest */;
			productType = "com.apple.product-type.bundle.ui-testing";
		};
/* End PBXNativeTarget section */

/* Begin PBXProject section */
		A5438E46207E5E24004C01DA /* Project object */ = {
			isa = PBXProject;
			attributes = {
				LastSwiftUpdateCheck = 0920;
				LastUpgradeCheck = 0920;
				ORGANIZATIONNAME = "Swapnil Sankla";
				TargetAttributes = {
					A5438E4D207E5E24004C01DA = {
						CreatedOnToolsVersion = 9.2;
						LastSwiftMigration = 0920;
						ProvisioningStyle = Automatic;
					};
					A5F457CD2092EB2C00E3A45A = {
						CreatedOnToolsVersion = 9.2;
						ProvisioningStyle = Automatic;
						TestTargetID = A5438E4D207E5E24004C01DA;
					};
				};
			};
			buildConfigurationList = A5438E49207E5E24004C01DA /* Build configuration list for PBXProject "TypeAheadSearch" */;
			compatibilityVersion = "Xcode 8.0";
			developmentRegion = en;
			hasScannedForEncodings = 0;
			knownRegions = (
				en,
				Base,
			);
			mainGroup = A5438E45207E5E24004C01DA;
			productRefGroup = A5438E4F207E5E24004C01DA /* Products */;
			projectDirPath = "";
			projectRoot = "";
			targets = (
				A5438E4D207E5E24004C01DA /* TypeAheadSearch */,
				A5F457CD2092EB2C00E3A45A /* TypeAheadSearchUITests */,
			);
		};
/* End PBXProject section */

/* Begin PBXResourcesBuildPhase section */
		A5438E4C207E5E24004C01DA /* Resources */ = {
			isa = PBXResourcesBuildPhase;
			buildActionMask = 2147483647;
			files = (
				A5438E66207E627B004C01DA /* SearchRowCell.xib in Resources */,
				A5F4577920909B0400E3A45A /* View.xib in Resources */,
				A5438E5C207E5E24004C01DA /* LaunchScreen.storyboard in Resources */,
				A5F4577720907BD100E3A45A /* SearchResultsView.xib in Resources */,
				A5438E59207E5E24004C01DA /* Assets.xcassets in Resources */,
			);
			runOnlyForDeploymentPostprocessing = 0;
		};
		A5F457CC2092EB2C00E3A45A /* Resources */ = {
			isa = PBXResourcesBuildPhase;
			buildActionMask = 2147483647;
			files = (
			);
			runOnlyForDeploymentPostprocessing = 0;
		};
/* End PBXResourcesBuildPhase section */

/* Begin PBXShellScriptBuildPhase section */
		9974F58EDD5D15B8C572252B /* [CP] Embed Pods Frameworks */ = {
			isa = PBXShellScriptBuildPhase;
			buildActionMask = 2147483647;
			files = (
			);
			inputPaths = (
				"${SRCROOT}/Pods/Target Support Files/Pods-TypeAheadSearch/Pods-TypeAheadSearch-frameworks.sh",
				"${BUILT_PRODUCTS_DIR}/Alamofire/Alamofire.framework",
			);
			name = "[CP] Embed Pods Frameworks";
			outputPaths = (
				"${TARGET_BUILD_DIR}/${FRAMEWORKS_FOLDER_PATH}/Alamofire.framework",
			);
			runOnlyForDeploymentPostprocessing = 0;
			shellPath = /bin/sh;
			shellScript = "\"${SRCROOT}/Pods/Target Support Files/Pods-TypeAheadSearch/Pods-TypeAheadSearch-frameworks.sh\"\n";
			showEnvVarsInLog = 0;
		};
		A5F4577E2091CEFD00E3A45A /* Set version */ = {
			isa = PBXShellScriptBuildPhase;
			buildActionMask = 2147483647;
			files = (
			);
			inputPaths = (
			);
			name = "Set version";
			outputPaths = (
			);
			runOnlyForDeploymentPostprocessing = 0;
			shellPath = /bin/sh;
			shellScript = "/usr/libexec/PlistBuddy -c \"Set :CFBundleVersion $GO_PIPELINE_COUNTER\" \"${PROJECT_DIR}/${INFOPLIST_FILE}\"\n";
		};
		CA3743F984503FE0BA2D49F1 /* [CP] Check Pods Manifest.lock */ = {
			isa = PBXShellScriptBuildPhase;
			buildActionMask = 2147483647;
			files = (
			);
			inputPaths = (
				"${PODS_PODFILE_DIR_PATH}/Podfile.lock",
				"${PODS_ROOT}/Manifest.lock",
			);
			name = "[CP] Check Pods Manifest.lock";
			outputPaths = (
				"$(DERIVED_FILE_DIR)/Pods-TypeAheadSearch-checkManifestLockResult.txt",
			);
			runOnlyForDeploymentPostprocessing = 0;
			shellPath = /bin/sh;
			shellScript = "diff \"${PODS_PODFILE_DIR_PATH}/Podfile.lock\" \"${PODS_ROOT}/Manifest.lock\" > /dev/null\nif [ $? != 0 ] ; then\n    # print error to STDERR\n    echo \"error: The sandbox is not in sync with the Podfile.lock. Run 'pod install' or update your CocoaPods installation.\" >&2\n    exit 1\nfi\n# This output is used by Xcode 'outputs' to avoid re-running this script phase.\necho \"SUCCESS\" > \"${SCRIPT_OUTPUT_FILE_0}\"\n";
			showEnvVarsInLog = 0;
		};
/* End PBXShellScriptBuildPhase section */

/* Begin PBXSourcesBuildPhase section */
		A5438E4A207E5E24004C01DA /* Sources */ = {
			isa = PBXSourcesBuildPhase;
			buildActionMask = 2147483647;
			files = (
				A5438E54207E5E24004C01DA /* ViewController.swift in Sources */,
				A5438E52207E5E24004C01DA /* AppDelegate.swift in Sources */,
				A5223C2F20905D3100910A91 /* SearchResultsViewController.swift in Sources */,
				A5438E64207E625D004C01DA /* SearchRowCell.swift in Sources */,
			);
			runOnlyForDeploymentPostprocessing = 0;
		};
		A5F457CA2092EB2C00E3A45A /* Sources */ = {
			isa = PBXSourcesBuildPhase;
			buildActionMask = 2147483647;
			files = (
				A5F457D12092EB2C00E3A45A /* TypeAheadSearchUITests.swift in Sources */,
			);
			runOnlyForDeploymentPostprocessing = 0;
		};
/* End PBXSourcesBuildPhase section */

/* Begin PBXTargetDependency section */
		A5F457D42092EB2C00E3A45A /* PBXTargetDependency */ = {
			isa = PBXTargetDependency;
			target = A5438E4D207E5E24004C01DA /* TypeAheadSearch */;
			targetProxy = A5F457D32092EB2C00E3A45A /* PBXContainerItemProxy */;
		};
/* End PBXTargetDependency section */

/* Begin PBXVariantGroup section */
		A5438E5A207E5E24004C01DA /* LaunchScreen.storyboard */ = {
			isa = PBXVariantGroup;
			children = (
				A5438E5B207E5E24004C01DA /* Base */,
			);
			name = LaunchScreen.storyboard;
			sourceTree = "<group>";
		};
/* End PBXVariantGroup section */

/* Begin XCBuildConfiguration section */
		A5438E5E207E5E24004C01DA /* Debug */ = {
			isa = XCBuildConfiguration;
			buildSettings = {
				ALWAYS_SEARCH_USER_PATHS = NO;
				CLANG_ANALYZER_NONNULL = YES;
				CLANG_ANALYZER_NUMBER_OBJECT_CONVERSION = YES_AGGRESSIVE;
				CLANG_CXX_LANGUAGE_STANDARD = "gnu++14";
				CLANG_CXX_LIBRARY = "libc++";
				CLANG_ENABLE_MODULES = YES;
				CLANG_ENABLE_OBJC_ARC = YES;
				CLANG_WARN_BLOCK_CAPTURE_AUTORELEASING = YES;
				CLANG_WARN_BOOL_CONVERSION = YES;
				CLANG_WARN_COMMA = YES;
				CLANG_WARN_CONSTANT_CONVERSION = YES;
				CLANG_WARN_DIRECT_OBJC_ISA_USAGE = YES_ERROR;
				CLANG_WARN_DOCUMENTATION_COMMENTS = YES;
				CLANG_WARN_EMPTY_BODY = YES;
				CLANG_WARN_ENUM_CONVERSION = YES;
				CLANG_WARN_INFINITE_RECURSION = YES;
				CLANG_WARN_INT_CONVERSION = YES;
				CLANG_WARN_NON_LITERAL_NULL_CONVERSION = YES;
				CLANG_WARN_OBJC_LITERAL_CONVERSION = YES;
				CLANG_WARN_OBJC_ROOT_CLASS = YES_ERROR;
				CLANG_WARN_RANGE_LOOP_ANALYSIS = YES;
				CLANG_WARN_STRICT_PROTOTYPES = YES;
				CLANG_WARN_SUSPICIOUS_MOVE = YES;
				CLANG_WARN_UNGUARDED_AVAILABILITY = YES_AGGRESSIVE;
				CLANG_WARN_UNREACHABLE_CODE = YES;
				CLANG_WARN__DUPLICATE_METHOD_MATCH = YES;
				CODE_SIGN_IDENTITY = "iPhone Developer";
				COPY_PHASE_STRIP = NO;
				DEBUG_INFORMATION_FORMAT = dwarf;
				ENABLE_STRICT_OBJC_MSGSEND = YES;
				ENABLE_TESTABILITY = YES;
				GCC_C_LANGUAGE_STANDARD = gnu11;
				GCC_DYNAMIC_NO_PIC = NO;
				GCC_NO_COMMON_BLOCKS = YES;
				GCC_OPTIMIZATION_LEVEL = 0;
				GCC_PREPROCESSOR_DEFINITIONS = (
					"DEBUG=1",
					"$(inherited)",
				);
				GCC_WARN_64_TO_32_BIT_CONVERSION = YES;
				GCC_WARN_ABOUT_RETURN_TYPE = YES_ERROR;
				GCC_WARN_UNDECLARED_SELECTOR = YES;
				GCC_WARN_UNINITIALIZED_AUTOS = YES_AGGRESSIVE;
				GCC_WARN_UNUSED_FUNCTION = YES;
				GCC_WARN_UNUSED_VARIABLE = YES;
				IPHONEOS_DEPLOYMENT_TARGET = 11.2;
				MTL_ENABLE_DEBUG_INFO = YES;
				ONLY_ACTIVE_ARCH = YES;
				SDKROOT = iphoneos;
				SWIFT_ACTIVE_COMPILATION_CONDITIONS = DEBUG;
				SWIFT_OPTIMIZATION_LEVEL = "-Onone";
			};
			name = Debug;
		};
		A5438E5F207E5E24004C01DA /* Release */ = {
			isa = XCBuildConfiguration;
			buildSettings = {
				ALWAYS_SEARCH_USER_PATHS = NO;
				CLANG_ANALYZER_NONNULL = YES;
				CLANG_ANALYZER_NUMBER_OBJECT_CONVERSION = YES_AGGRESSIVE;
				CLANG_CXX_LANGUAGE_STANDARD = "gnu++14";
				CLANG_CXX_LIBRARY = "libc++";
				CLANG_ENABLE_MODULES = YES;
				CLANG_ENABLE_OBJC_ARC = YES;
				CLANG_WARN_BLOCK_CAPTURE_AUTORELEASING = YES;
				CLANG_WARN_BOOL_CONVERSION = YES;
				CLANG_WARN_COMMA = YES;
				CLANG_WARN_CONSTANT_CONVERSION = YES;
				CLANG_WARN_DIRECT_OBJC_ISA_USAGE = YES_ERROR;
				CLANG_WARN_DOCUMENTATION_COMMENTS = YES;
				CLANG_WARN_EMPTY_BODY = YES;
				CLANG_WARN_ENUM_CONVERSION = YES;
				CLANG_WARN_INFINITE_RECURSION = YES;
				CLANG_WARN_INT_CONVERSION = YES;
				CLANG_WARN_NON_LITERAL_NULL_CONVERSION = YES;
				CLANG_WARN_OBJC_LITERAL_CONVERSION = YES;
				CLANG_WARN_OBJC_ROOT_CLASS = YES_ERROR;
				CLANG_WARN_RANGE_LOOP_ANALYSIS = YES;
				CLANG_WARN_STRICT_PROTOTYPES = YES;
				CLANG_WARN_SUSPICIOUS_MOVE = YES;
				CLANG_WARN_UNGUARDED_AVAILABILITY = YES_AGGRESSIVE;
				CLANG_WARN_UNREACHABLE_CODE = YES;
				CLANG_WARN__DUPLICATE_METHOD_MATCH = YES;
				CODE_SIGN_IDENTITY = "iPhone Developer";
				COPY_PHASE_STRIP = NO;
				DEBUG_INFORMATION_FORMAT = "dwarf-with-dsym";
				ENABLE_NS_ASSERTIONS = NO;
				ENABLE_STRICT_OBJC_MSGSEND = YES;
				GCC_C_LANGUAGE_STANDARD = gnu11;
				GCC_NO_COMMON_BLOCKS = YES;
				GCC_WARN_64_TO_32_BIT_CONVERSION = YES;
				GCC_WARN_ABOUT_RETURN_TYPE = YES_ERROR;
				GCC_WARN_UNDECLARED_SELECTOR = YES;
				GCC_WARN_UNINITIALIZED_AUTOS = YES_AGGRESSIVE;
				GCC_WARN_UNUSED_FUNCTION = YES;
				GCC_WARN_UNUSED_VARIABLE = YES;
				IPHONEOS_DEPLOYMENT_TARGET = 11.2;
				MTL_ENABLE_DEBUG_INFO = NO;
				SDKROOT = iphoneos;
				SWIFT_OPTIMIZATION_LEVEL = "-Owholemodule";
				VALIDATE_PRODUCT = YES;
			};
			name = Release;
		};
		A5438E61207E5E24004C01DA /* Debug */ = {
			isa = XCBuildConfiguration;
			baseConfigurationReference = 5A16F51F714EBC0199FBF2B5 /* Pods-TypeAheadSearch.debug.xcconfig */;
			buildSettings = {
				ASSETCATALOG_COMPILER_APPICON_NAME = AppIcon;
				BUILD_VERSION = "";
				CLANG_ENABLE_MODULES = YES;
				"CODE_SIGN_IDENTITY[sdk=iphoneos*]" = "iPhone Developer";
				CODE_SIGN_STYLE = Automatic;
				DEVELOPMENT_TEAM = 6JN97A7TTS;
				INFOPLIST_FILE = TypeAheadSearch/Info.plist;
				LD_RUNPATH_SEARCH_PATHS = "$(inherited) @executable_path/Frameworks";
				OTHER_LDFLAGS = (
					"$(inherited)",
					"-l\"Heap\"",
					"-l\"icucore\"",
					"-framework",
					"\"Alamofire\"",
					"-framework",
					"\"CFNetwork\"",
					"-framework",
					"\"Security\"",
					"-framework",
					"\"SystemConfiguration\"",
					"-ObjC",
					"-framework",
					"\"UIKit\"",
					"-all_load",
				);
				PRODUCT_BUNDLE_IDENTIFIER = sankla.swapnil.TypeAheadSearch;
				PRODUCT_NAME = "$(TARGET_NAME)";
				PROVISIONING_PROFILE_SPECIFIER = "";
				SWIFT_OBJC_BRIDGING_HEADER = "TypeAheadSearch-Bridging-Header.h";
				SWIFT_OPTIMIZATION_LEVEL = "-Onone";
				SWIFT_VERSION = 4.0;
				TARGETED_DEVICE_FAMILY = "1,2";
			};
			name = Debug;
		};
		A5438E62207E5E24004C01DA /* Release */ = {
			isa = XCBuildConfiguration;
			baseConfigurationReference = FA9D982486B176E8410ABED6 /* Pods-TypeAheadSearch.release.xcconfig */;
			buildSettings = {
				ASSETCATALOG_COMPILER_APPICON_NAME = AppIcon;
				BUILD_VERSION = "";
				CLANG_ENABLE_MODULES = YES;
				"CODE_SIGN_IDENTITY[sdk=iphoneos*]" = "iPhone Developer";
				CODE_SIGN_STYLE = Automatic;
				DEVELOPMENT_TEAM = 6JN97A7TTS;
				INFOPLIST_FILE = TypeAheadSearch/Info.plist;
				LD_RUNPATH_SEARCH_PATHS = "$(inherited) @executable_path/Frameworks";
				OTHER_LDFLAGS = (
					"$(inherited)",
					"-l\"Heap\"",
					"-l\"icucore\"",
					"-framework",
					"\"Alamofire\"",
					"-framework",
					"\"CFNetwork\"",
					"-framework",
					"\"Security\"",
					"-framework",
					"\"SystemConfiguration\"",
					"-ObjC",
					"-framework",
					"\"UIKit\"",
					"-all_load",
				);
				PRODUCT_BUNDLE_IDENTIFIER = sankla.swapnil.TypeAheadSearch;
				PRODUCT_NAME = "$(TARGET_NAME)";
				PROVISIONING_PROFILE_SPECIFIER = "";
				SWIFT_OBJC_BRIDGING_HEADER = "TypeAheadSearch-Bridging-Header.h";
				SWIFT_VERSION = 4.0;
				TARGETED_DEVICE_FAMILY = "1,2";
			};
			name = Release;
		};
		A5F457D62092EB2C00E3A45A /* Debug */ = {
			isa = XCBuildConfiguration;
			buildSettings = {
				CODE_SIGN_STYLE = Automatic;
				INFOPLIST_FILE = TypeAheadSearchUITests/Info.plist;
				LD_RUNPATH_SEARCH_PATHS = "$(inherited) @executable_path/Frameworks @loader_path/Frameworks";
				PRODUCT_BUNDLE_IDENTIFIER = sankla.swapnil.TypeAheadSearchUITests;
				PRODUCT_NAME = "$(TARGET_NAME)";
				SWIFT_VERSION = 4.0;
				TARGETED_DEVICE_FAMILY = "1,2";
				TEST_TARGET_NAME = TypeAheadSearch;
			};
			name = Debug;
		};
		A5F457D72092EB2C00E3A45A /* Release */ = {
			isa = XCBuildConfiguration;
			buildSettings = {
				CODE_SIGN_STYLE = Automatic;
				INFOPLIST_FILE = TypeAheadSearchUITests/Info.plist;
				LD_RUNPATH_SEARCH_PATHS = "$(inherited) @executable_path/Frameworks @loader_path/Frameworks";
				PRODUCT_BUNDLE_IDENTIFIER = sankla.swapnil.TypeAheadSearchUITests;
				PRODUCT_NAME = "$(TARGET_NAME)";
				SWIFT_VERSION = 4.0;
				TARGETED_DEVICE_FAMILY = "1,2";
				TEST_TARGET_NAME = TypeAheadSearch;
			};
			name = Release;
		};
/* End XCBuildConfiguration section */

/* Begin XCConfigurationList section */
		A5438E49207E5E24004C01DA /* Build configuration list for PBXProject "TypeAheadSearch" */ = {
			isa = XCConfigurationList;
			buildConfigurations = (
				A5438E5E207E5E24004C01DA /* Debug */,
				A5438E5F207E5E24004C01DA /* Release */,
			);
			defaultConfigurationIsVisible = 0;
			defaultConfigurationName = Release;
		};
		A5438E60207E5E24004C01DA /* Build configuration list for PBXNativeTarget "TypeAheadSearch" */ = {
			isa = XCConfigurationList;
			buildConfigurations = (
				A5438E61207E5E24004C01DA /* Debug */,
				A5438E62207E5E24004C01DA /* Release */,
			);
			defaultConfigurationIsVisible = 0;
			defaultConfigurationName = Release;
		};
		A5F457D52092EB2C00E3A45A /* Build configuration list for PBXNativeTarget "TypeAheadSearchUITests" */ = {
			isa = XCConfigurationList;
			buildConfigurations = (
				A5F457D62092EB2C00E3A45A /* Debug */,
				A5F457D72092EB2C00E3A45A /* Release */,
			);
			defaultConfigurationIsVisible = 0;
			defaultConfigurationName = Release;
		};
/* End XCConfigurationList section */
	};
	rootObject = A5438E46207E5E24004C01DA /* Project object */;
}
